PODS:
  - CenteredCollectionView (2.2.2)
  - Charts (3.4.0):
    - Charts/Core (= 3.4.0)
  - Charts/Core (3.4.0)
  - SPPermissions/Camera (5.3.2):
    - SPPermissions/Core
  - SPPermissions/Core (5.3.2)
  - SPPermissions/PhotoLibrary (5.3.2):
    - SPPermissions/Core

DEPENDENCIES:
  - CenteredCollectionView
  - Charts
  - SPPermissions/Camera
  - SPPermissions/PhotoLibrary

SPEC REPOS:
  trunk:
    - CenteredCollectionView
    - Charts
    - SPPermissions

SPEC CHECKSUMS:
  CenteredCollectionView: a9217908a698c386cbb98af11b596da48900b908
  Charts: 74c9f256eaf0460c0c416522d1cf8c634ea6b286
  SPPermissions: f1f82ba07d1a07e1d73521b19e7c3550b0bc0ddb

PODFILE CHECKSUM: 8eb1dcc94c6f4bffcc059860ac3798288e4c4fdc

COCOAPODS: 1.8.4
