// !$*UTF8*$!
{
	archiveVersion = 1;
	classes = {
	};
	objectVersion = 51;
	objects = {

/* Begin PBXBuildFile section */
		01130E64245471D800C2ACCC /* UIViewController+Extension.swift in Sources */ = {isa = PBXBuildFile; fileRef = 01130E63245471D800C2ACCC /* UIViewController+Extension.swift */; };
		01130E662454743700C2ACCC /* AdjustmentCell.swift in Sources */ = {isa = PBXBuildFile; fileRef = 01130E652454743700C2ACCC /* AdjustmentCell.swift */; };
		01130E6A2454847400C2ACCC /* HistoryCell.swift in Sources */ = {isa = PBXBuildFile; fileRef = 01130E692454847400C2ACCC /* HistoryCell.swift */; };
		01130E6C245488EC00C2ACCC /* HistoryImage.swift in Sources */ = {isa = PBXBuildFile; fileRef = 01130E6B245488EC00C2ACCC /* HistoryImage.swift */; };
		01130E6E2454B27400C2ACCC /* ImagePicker.swift in Sources */ = {isa = PBXBuildFile; fileRef = 01130E6D2454B27400C2ACCC /* ImagePicker.swift */; };
		012953F32452196C0067082D /* opencv2.framework in Frameworks */ = {isa = PBXBuildFile; fileRef = 012953F22452196C0067082D /* opencv2.framework */; };
		012953F7245219E90067082D /* OpenCVWrapper.mm in Sources */ = {isa = PBXBuildFile; fileRef = 012953F6245219E90067082D /* OpenCVWrapper.mm */; };
		012953F924522FDE0067082D /* ImageScrollView.swift in Sources */ = {isa = PBXBuildFile; fileRef = 012953F824522FDE0067082D /* ImageScrollView.swift */; };
		012953FB24523A4D0067082D /* README.md in Resources */ = {isa = PBXBuildFile; fileRef = 012953FA24523A4D0067082D /* README.md */; };
		012B17C62458C51F007CB124 /* ImageSlice.swift in Sources */ = {isa = PBXBuildFile; fileRef = 012B17A82458C51F007CB124 /* ImageSlice.swift */; };
		012B17C72458C51F007CB124 /* ColorLiteral.swift in Sources */ = {isa = PBXBuildFile; fileRef = 012B17A92458C51F007CB124 /* ColorLiteral.swift */; };
		012B17C82458C51F007CB124 /* ImageOperators.swift.gyb in Resources */ = {isa = PBXBuildFile; fileRef = 012B17AA2458C51F007CB124 /* ImageOperators.swift.gyb */; };
		012B17C92458C51F007CB124 /* AnyImage.swift in Sources */ = {isa = PBXBuildFile; fileRef = 012B17AB2458C51F007CB124 /* AnyImage.swift */; };
		012B17CA2458C51F007CB124 /* RGBA.swift in Sources */ = {isa = PBXBuildFile; fileRef = 012B17AC2458C51F007CB124 /* RGBA.swift */; };
		012B17CB2458C51F007CB124 /* RGB.swift in Sources */ = {isa = PBXBuildFile; fileRef = 012B17AD2458C51F007CB124 /* RGB.swift */; };
		012B17CC2458C51F007CB124 /* ImageProtocol.swift in Sources */ = {isa = PBXBuildFile; fileRef = 012B17AE2458C51F007CB124 /* ImageProtocol.swift */; };
		012B17CD2458C51F007CB124 /* NumericPixel.swift in Sources */ = {isa = PBXBuildFile; fileRef = 012B17AF2458C51F007CB124 /* NumericPixel.swift */; };
		012B17CE2458C51F007CB124 /* RGBAOperators.swift in Sources */ = {isa = PBXBuildFile; fileRef = 012B17B02458C51F007CB124 /* RGBAOperators.swift */; };
		012B17CF2458C51F007CB124 /* Image.swift in Sources */ = {isa = PBXBuildFile; fileRef = 012B17B12458C51F007CB124 /* Image.swift */; };
		012B17D02458C51F007CB124 /* ImageOperators.swift in Sources */ = {isa = PBXBuildFile; fileRef = 012B17B22458C51F007CB124 /* ImageOperators.swift */; };
		012B17D12458C51F007CB124 /* ExtrapolatedImage.swift in Sources */ = {isa = PBXBuildFile; fileRef = 012B17B32458C51F007CB124 /* ExtrapolatedImage.swift */; };
		012B17D22458C51F007CB124 /* ImageFormat.swift in Sources */ = {isa = PBXBuildFile; fileRef = 012B17B42458C51F007CB124 /* ImageFormat.swift */; };
		012B17D32458C51F007CB124 /* HigherOrderFunctions.swift in Sources */ = {isa = PBXBuildFile; fileRef = 012B17B52458C51F007CB124 /* HigherOrderFunctions.swift */; };
		012B17D42458C51F007CB124 /* TypicalChannel.swift in Sources */ = {isa = PBXBuildFile; fileRef = 012B17B62458C51F007CB124 /* TypicalChannel.swift */; };
		012B17D52458C51F007CB124 /* AppKit.swift in Sources */ = {isa = PBXBuildFile; fileRef = 012B17B72458C51F007CB124 /* AppKit.swift */; };
		012B17D62458C51F007CB124 /* CoreGraphics.swift in Sources */ = {isa = PBXBuildFile; fileRef = 012B17B82458C51F007CB124 /* CoreGraphics.swift */; };
		012B17D72458C51F007CB124 /* RGBAOperators.swift.gyb in Resources */ = {isa = PBXBuildFile; fileRef = 012B17B92458C51F007CB124 /* RGBAOperators.swift.gyb */; };
		012B17D82458C51F007CB124 /* Convolution.swift in Sources */ = {isa = PBXBuildFile; fileRef = 012B17BA2458C51F007CB124 /* Convolution.swift */; };
		012B17D92458C51F007CB124 /* Resizing.swift in Sources */ = {isa = PBXBuildFile; fileRef = 012B17BB2458C51F007CB124 /* Resizing.swift */; };
		012B17DA2458C51F007CB124 /* Util.swift in Sources */ = {isa = PBXBuildFile; fileRef = 012B17BC2458C51F007CB124 /* Util.swift */; };
		012B17DB2458C51F007CB124 /* Extrapolation.swift in Sources */ = {isa = PBXBuildFile; fileRef = 012B17BD2458C51F007CB124 /* Extrapolation.swift */; };
		012B17DC2458C51F007CB124 /* ImageIterator.swift in Sources */ = {isa = PBXBuildFile; fileRef = 012B17BE2458C51F007CB124 /* ImageIterator.swift */; };
		012B17DD2458C51F007CB124 /* UIKit.swift in Sources */ = {isa = PBXBuildFile; fileRef = 012B17BF2458C51F007CB124 /* UIKit.swift */; };
		012B17DE2458C51F007CB124 /* Interpolation.swift in Sources */ = {isa = PBXBuildFile; fileRef = 012B17C02458C51F007CB124 /* Interpolation.swift */; };
		012B17DF2458C51F007CB124 /* Rotation.swift in Sources */ = {isa = PBXBuildFile; fileRef = 012B17C12458C51F007CB124 /* Rotation.swift */; };
		012B17E02458C51F007CB124 /* NumericPixel.swift.gyb in Resources */ = {isa = PBXBuildFile; fileRef = 012B17C22458C51F007CB124 /* NumericPixel.swift.gyb */; };
		012B17E12458C51F007CB124 /* Convolution.swift.gyb in Resources */ = {isa = PBXBuildFile; fileRef = 012B17C32458C51F007CB124 /* Convolution.swift.gyb */; };
		012B17E22458C51F007CB124 /* PremultipliedRGBA.swift in Sources */ = {isa = PBXBuildFile; fileRef = 012B17C42458C51F007CB124 /* PremultipliedRGBA.swift */; };
		012B17E52458CBFB007CB124 /* ThresholdView.swift in Sources */ = {isa = PBXBuildFile; fileRef = 012B17E42458CBFB007CB124 /* ThresholdView.swift */; };
		0178DCD124537A220084984D /* UIImage+Extension.swift in Sources */ = {isa = PBXBuildFile; fileRef = 0178DCD024537A220084984D /* UIImage+Extension.swift */; };
		0178DCD3245388540084984D /* UIColor+Extension.swift in Sources */ = {isa = PBXBuildFile; fileRef = 0178DCD2245388540084984D /* UIColor+Extension.swift */; };
		018B5238245B67900078EFE4 /* ContrastView.swift in Sources */ = {isa = PBXBuildFile; fileRef = 018B5237245B67900078EFE4 /* ContrastView.swift */; };
		018B523A245B7E6C0078EFE4 /* BlurView.swift in Sources */ = {isa = PBXBuildFile; fileRef = 018B5239245B7E6C0078EFE4 /* BlurView.swift */; };
		01B38B90242CFB3D00180242 /* AppDelegate.swift in Sources */ = {isa = PBXBuildFile; fileRef = 01B38B8F242CFB3D00180242 /* AppDelegate.swift */; };
		01B38B92242CFB3D00180242 /* SceneDelegate.swift in Sources */ = {isa = PBXBuildFile; fileRef = 01B38B91242CFB3D00180242 /* SceneDelegate.swift */; };
		01B38B94242CFB3D00180242 /* MainVC.swift in Sources */ = {isa = PBXBuildFile; fileRef = 01B38B93242CFB3D00180242 /* MainVC.swift */; };
		01B38B97242CFB3D00180242 /* Main.storyboard in Resources */ = {isa = PBXBuildFile; fileRef = 01B38B95242CFB3D00180242 /* Main.storyboard */; };
		01B38B9A242CFB3D00180242 /* Revamp.xcdatamodeld in Sources */ = {isa = PBXBuildFile; fileRef = 01B38B98242CFB3D00180242 /* Revamp.xcdatamodeld */; };
		01B38B9C242CFB3E00180242 /* Assets.xcassets in Resources */ = {isa = PBXBuildFile; fileRef = 01B38B9B242CFB3E00180242 /* Assets.xcassets */; };
		01B38B9F242CFB3E00180242 /* LaunchScreen.storyboard in Resources */ = {isa = PBXBuildFile; fileRef = 01B38B9D242CFB3E00180242 /* LaunchScreen.storyboard */; };
		01B38BAA242CFB3E00180242 /* RevampTests.swift in Sources */ = {isa = PBXBuildFile; fileRef = 01B38BA9242CFB3E00180242 /* RevampTests.swift */; };
		01B38BB5242CFB3E00180242 /* RevampUITests.swift in Sources */ = {isa = PBXBuildFile; fileRef = 01B38BB4242CFB3E00180242 /* RevampUITests.swift */; };
		0BB249FEB40F86ACE9C40F39 /* Pods_Revamp_RevampUITests.framework in Frameworks */ = {isa = PBXBuildFile; fileRef = AEAE91FE69825E16704B4D46 /* Pods_Revamp_RevampUITests.framework */; };
		3CA359CAC90626D28A11C2C1 /* Pods_RevampTests.framework in Frameworks */ = {isa = PBXBuildFile; fileRef = 1F8F844F8B4F11C3E86F3B67 /* Pods_RevampTests.framework */; };
		988C639182DFF21A34B708BD /* Pods_Revamp.framework in Frameworks */ = {isa = PBXBuildFile; fileRef = 7756E3C6BC6D8445B5FC08E2 /* Pods_Revamp.framework */; };
/* End PBXBuildFile section */

/* Begin PBXContainerItemProxy section */
		01B38BA6242CFB3E00180242 /* PBXContainerItemProxy */ = {
			isa = PBXContainerItemProxy;
			containerPortal = 01B38B84242CFB3D00180242 /* Project object */;
			proxyType = 1;
			remoteGlobalIDString = 01B38B8B242CFB3D00180242;
			remoteInfo = Revamp;
		};
		01B38BB1242CFB3E00180242 /* PBXContainerItemProxy */ = {
			isa = PBXContainerItemProxy;
			containerPortal = 01B38B84242CFB3D00180242 /* Project object */;
			proxyType = 1;
			remoteGlobalIDString = 01B38B8B242CFB3D00180242;
			remoteInfo = Revamp;
		};
/* End PBXContainerItemProxy section */

/* Begin PBXFileReference section */
		01130E63245471D800C2ACCC /* UIViewController+Extension.swift */ = {isa = PBXFileReference; lastKnownFileType = sourcecode.swift; path = "UIViewController+Extension.swift"; sourceTree = "<group>"; };
		01130E652454743700C2ACCC /* AdjustmentCell.swift */ = {isa = PBXFileReference; lastKnownFileType = sourcecode.swift; path = AdjustmentCell.swift; sourceTree = "<group>"; };
		01130E692454847400C2ACCC /* HistoryCell.swift */ = {isa = PBXFileReference; lastKnownFileType = sourcecode.swift; path = HistoryCell.swift; sourceTree = "<group>"; };
		01130E6B245488EC00C2ACCC /* HistoryImage.swift */ = {isa = PBXFileReference; lastKnownFileType = sourcecode.swift; path = HistoryImage.swift; sourceTree = "<group>"; };
		01130E6D2454B27400C2ACCC /* ImagePicker.swift */ = {isa = PBXFileReference; lastKnownFileType = sourcecode.swift; path = ImagePicker.swift; sourceTree = "<group>"; };
		012953F22452196C0067082D /* opencv2.framework */ = {isa = PBXFileReference; lastKnownFileType = wrapper.framework; path = opencv2.framework; sourceTree = "<group>"; };
		012953F4245219E80067082D /* Revamp-Bridging-Header.h */ = {isa = PBXFileReference; lastKnownFileType = sourcecode.c.h; path = "Revamp-Bridging-Header.h"; sourceTree = "<group>"; };
		012953F5245219E90067082D /* OpenCVWrapper.h */ = {isa = PBXFileReference; lastKnownFileType = sourcecode.c.h; path = OpenCVWrapper.h; sourceTree = "<group>"; };
		012953F6245219E90067082D /* OpenCVWrapper.mm */ = {isa = PBXFileReference; lastKnownFileType = sourcecode.cpp.objcpp; path = OpenCVWrapper.mm; sourceTree = "<group>"; };
		012953F824522FDE0067082D /* ImageScrollView.swift */ = {isa = PBXFileReference; fileEncoding = 4; lastKnownFileType = sourcecode.swift; path = ImageScrollView.swift; sourceTree = "<group>"; };
		012953FA24523A4D0067082D /* README.md */ = {isa = PBXFileReference; lastKnownFileType = net.daringfireball.markdown; path = README.md; sourceTree = "<group>"; };
		012B17A72458C51F007CB124 /* SwiftImage.h */ = {isa = PBXFileReference; fileEncoding = 4; lastKnownFileType = sourcecode.c.h; path = SwiftImage.h; sourceTree = "<group>"; };
		012B17A82458C51F007CB124 /* ImageSlice.swift */ = {isa = PBXFileReference; fileEncoding = 4; lastKnownFileType = sourcecode.swift; path = ImageSlice.swift; sourceTree = "<group>"; };
		012B17A92458C51F007CB124 /* ColorLiteral.swift */ = {isa = PBXFileReference; fileEncoding = 4; lastKnownFileType = sourcecode.swift; path = ColorLiteral.swift; sourceTree = "<group>"; };
		012B17AA2458C51F007CB124 /* ImageOperators.swift.gyb */ = {isa = PBXFileReference; fileEncoding = 4; lastKnownFileType = text; path = ImageOperators.swift.gyb; sourceTree = "<group>"; };
		012B17AB2458C51F007CB124 /* AnyImage.swift */ = {isa = PBXFileReference; fileEncoding = 4; lastKnownFileType = sourcecode.swift; path = AnyImage.swift; sourceTree = "<group>"; };
		012B17AC2458C51F007CB124 /* RGBA.swift */ = {isa = PBXFileReference; fileEncoding = 4; lastKnownFileType = sourcecode.swift; path = RGBA.swift; sourceTree = "<group>"; };
		012B17AD2458C51F007CB124 /* RGB.swift */ = {isa = PBXFileReference; fileEncoding = 4; lastKnownFileType = sourcecode.swift; path = RGB.swift; sourceTree = "<group>"; };
		012B17AE2458C51F007CB124 /* ImageProtocol.swift */ = {isa = PBXFileReference; fileEncoding = 4; lastKnownFileType = sourcecode.swift; path = ImageProtocol.swift; sourceTree = "<group>"; };
		012B17AF2458C51F007CB124 /* NumericPixel.swift */ = {isa = PBXFileReference; fileEncoding = 4; lastKnownFileType = sourcecode.swift; path = NumericPixel.swift; sourceTree = "<group>"; };
		012B17B02458C51F007CB124 /* RGBAOperators.swift */ = {isa = PBXFileReference; fileEncoding = 4; lastKnownFileType = sourcecode.swift; path = RGBAOperators.swift; sourceTree = "<group>"; };
		012B17B12458C51F007CB124 /* Image.swift */ = {isa = PBXFileReference; fileEncoding = 4; lastKnownFileType = sourcecode.swift; path = Image.swift; sourceTree = "<group>"; };
		012B17B22458C51F007CB124 /* ImageOperators.swift */ = {isa = PBXFileReference; fileEncoding = 4; lastKnownFileType = sourcecode.swift; path = ImageOperators.swift; sourceTree = "<group>"; };
		012B17B32458C51F007CB124 /* ExtrapolatedImage.swift */ = {isa = PBXFileReference; fileEncoding = 4; lastKnownFileType = sourcecode.swift; path = ExtrapolatedImage.swift; sourceTree = "<group>"; };
		012B17B42458C51F007CB124 /* ImageFormat.swift */ = {isa = PBXFileReference; fileEncoding = 4; lastKnownFileType = sourcecode.swift; path = ImageFormat.swift; sourceTree = "<group>"; };
		012B17B52458C51F007CB124 /* HigherOrderFunctions.swift */ = {isa = PBXFileReference; fileEncoding = 4; lastKnownFileType = sourcecode.swift; path = HigherOrderFunctions.swift; sourceTree = "<group>"; };
		012B17B62458C51F007CB124 /* TypicalChannel.swift */ = {isa = PBXFileReference; fileEncoding = 4; lastKnownFileType = sourcecode.swift; path = TypicalChannel.swift; sourceTree = "<group>"; };
		012B17B72458C51F007CB124 /* AppKit.swift */ = {isa = PBXFileReference; fileEncoding = 4; lastKnownFileType = sourcecode.swift; path = AppKit.swift; sourceTree = "<group>"; };
		012B17B82458C51F007CB124 /* CoreGraphics.swift */ = {isa = PBXFileReference; fileEncoding = 4; lastKnownFileType = sourcecode.swift; path = CoreGraphics.swift; sourceTree = "<group>"; };
		012B17B92458C51F007CB124 /* RGBAOperators.swift.gyb */ = {isa = PBXFileReference; fileEncoding = 4; lastKnownFileType = text; path = RGBAOperators.swift.gyb; sourceTree = "<group>"; };
		012B17BA2458C51F007CB124 /* Convolution.swift */ = {isa = PBXFileReference; fileEncoding = 4; lastKnownFileType = sourcecode.swift; path = Convolution.swift; sourceTree = "<group>"; };
		012B17BB2458C51F007CB124 /* Resizing.swift */ = {isa = PBXFileReference; fileEncoding = 4; lastKnownFileType = sourcecode.swift; path = Resizing.swift; sourceTree = "<group>"; };
		012B17BC2458C51F007CB124 /* Util.swift */ = {isa = PBXFileReference; fileEncoding = 4; lastKnownFileType = sourcecode.swift; path = Util.swift; sourceTree = "<group>"; };
		012B17BD2458C51F007CB124 /* Extrapolation.swift */ = {isa = PBXFileReference; fileEncoding = 4; lastKnownFileType = sourcecode.swift; path = Extrapolation.swift; sourceTree = "<group>"; };
		012B17BE2458C51F007CB124 /* ImageIterator.swift */ = {isa = PBXFileReference; fileEncoding = 4; lastKnownFileType = sourcecode.swift; path = ImageIterator.swift; sourceTree = "<group>"; };
		012B17BF2458C51F007CB124 /* UIKit.swift */ = {isa = PBXFileReference; fileEncoding = 4; lastKnownFileType = sourcecode.swift; path = UIKit.swift; sourceTree = "<group>"; };
		012B17C02458C51F007CB124 /* Interpolation.swift */ = {isa = PBXFileReference; fileEncoding = 4; lastKnownFileType = sourcecode.swift; path = Interpolation.swift; sourceTree = "<group>"; };
		012B17C12458C51F007CB124 /* Rotation.swift */ = {isa = PBXFileReference; fileEncoding = 4; lastKnownFileType = sourcecode.swift; path = Rotation.swift; sourceTree = "<group>"; };
		012B17C22458C51F007CB124 /* NumericPixel.swift.gyb */ = {isa = PBXFileReference; fileEncoding = 4; lastKnownFileType = text; path = NumericPixel.swift.gyb; sourceTree = "<group>"; };
		012B17C32458C51F007CB124 /* Convolution.swift.gyb */ = {isa = PBXFileReference; fileEncoding = 4; lastKnownFileType = text; path = Convolution.swift.gyb; sourceTree = "<group>"; };
		012B17C42458C51F007CB124 /* PremultipliedRGBA.swift */ = {isa = PBXFileReference; fileEncoding = 4; lastKnownFileType = sourcecode.swift; path = PremultipliedRGBA.swift; sourceTree = "<group>"; };
		012B17E42458CBFB007CB124 /* ThresholdView.swift */ = {isa = PBXFileReference; lastKnownFileType = sourcecode.swift; path = ThresholdView.swift; sourceTree = "<group>"; };
		0178DCD024537A220084984D /* UIImage+Extension.swift */ = {isa = PBXFileReference; lastKnownFileType = sourcecode.swift; path = "UIImage+Extension.swift"; sourceTree = "<group>"; };
		0178DCD2245388540084984D /* UIColor+Extension.swift */ = {isa = PBXFileReference; lastKnownFileType = sourcecode.swift; path = "UIColor+Extension.swift"; sourceTree = "<group>"; };
		018B5237245B67900078EFE4 /* ContrastView.swift */ = {isa = PBXFileReference; lastKnownFileType = sourcecode.swift; path = ContrastView.swift; sourceTree = "<group>"; };
		018B5239245B7E6C0078EFE4 /* BlurView.swift */ = {isa = PBXFileReference; lastKnownFileType = sourcecode.swift; path = BlurView.swift; sourceTree = "<group>"; };
		01B38B8C242CFB3D00180242 /* Revamp.app */ = {isa = PBXFileReference; explicitFileType = wrapper.application; includeInIndex = 0; path = Revamp.app; sourceTree = BUILT_PRODUCTS_DIR; };
		01B38B8F242CFB3D00180242 /* AppDelegate.swift */ = {isa = PBXFileReference; lastKnownFileType = sourcecode.swift; path = AppDelegate.swift; sourceTree = "<group>"; };
		01B38B91242CFB3D00180242 /* SceneDelegate.swift */ = {isa = PBXFileReference; lastKnownFileType = sourcecode.swift; path = SceneDelegate.swift; sourceTree = "<group>"; };
		01B38B93242CFB3D00180242 /* MainVC.swift */ = {isa = PBXFileReference; lastKnownFileType = sourcecode.swift; path = MainVC.swift; sourceTree = "<group>"; };
		01B38B96242CFB3D00180242 /* Base */ = {isa = PBXFileReference; lastKnownFileType = file.storyboard; name = Base; path = Base.lproj/Main.storyboard; sourceTree = "<group>"; };
		01B38B99242CFB3D00180242 /* Revamp.xcdatamodel */ = {isa = PBXFileReference; lastKnownFileType = wrapper.xcdatamodel; path = Revamp.xcdatamodel; sourceTree = "<group>"; };
		01B38B9B242CFB3E00180242 /* Assets.xcassets */ = {isa = PBXFileReference; lastKnownFileType = folder.assetcatalog; path = Assets.xcassets; sourceTree = "<group>"; };
		01B38B9E242CFB3E00180242 /* Base */ = {isa = PBXFileReference; lastKnownFileType = file.storyboard; name = Base; path = Base.lproj/LaunchScreen.storyboard; sourceTree = "<group>"; };
		01B38BA0242CFB3E00180242 /* Info.plist */ = {isa = PBXFileReference; lastKnownFileType = text.plist.xml; path = Info.plist; sourceTree = "<group>"; };
		01B38BA5242CFB3E00180242 /* RevampTests.xctest */ = {isa = PBXFileReference; explicitFileType = wrapper.cfbundle; includeInIndex = 0; path = RevampTests.xctest; sourceTree = BUILT_PRODUCTS_DIR; };
		01B38BA9242CFB3E00180242 /* RevampTests.swift */ = {isa = PBXFileReference; lastKnownFileType = sourcecode.swift; path = RevampTests.swift; sourceTree = "<group>"; };
		01B38BAB242CFB3E00180242 /* Info.plist */ = {isa = PBXFileReference; lastKnownFileType = text.plist.xml; path = Info.plist; sourceTree = "<group>"; };
		01B38BB0242CFB3E00180242 /* RevampUITests.xctest */ = {isa = PBXFileReference; explicitFileType = wrapper.cfbundle; includeInIndex = 0; path = RevampUITests.xctest; sourceTree = BUILT_PRODUCTS_DIR; };
		01B38BB4242CFB3E00180242 /* RevampUITests.swift */ = {isa = PBXFileReference; lastKnownFileType = sourcecode.swift; path = RevampUITests.swift; sourceTree = "<group>"; };
		01B38BB6242CFB3E00180242 /* Info.plist */ = {isa = PBXFileReference; lastKnownFileType = text.plist.xml; path = Info.plist; sourceTree = "<group>"; };
		1F8F844F8B4F11C3E86F3B67 /* Pods_RevampTests.framework */ = {isa = PBXFileReference; explicitFileType = wrapper.framework; includeInIndex = 0; path = Pods_RevampTests.framework; sourceTree = BUILT_PRODUCTS_DIR; };
		40C92042FAFC388C20CE1159 /* Pods-Revamp.release.xcconfig */ = {isa = PBXFileReference; includeInIndex = 1; lastKnownFileType = text.xcconfig; name = "Pods-Revamp.release.xcconfig"; path = "Target Support Files/Pods-Revamp/Pods-Revamp.release.xcconfig"; sourceTree = "<group>"; };
		6C8F2AA2B6B0972FC5A2DD2A /* Pods-RevampTests.release.xcconfig */ = {isa = PBXFileReference; includeInIndex = 1; lastKnownFileType = text.xcconfig; name = "Pods-RevampTests.release.xcconfig"; path = "Target Support Files/Pods-RevampTests/Pods-RevampTests.release.xcconfig"; sourceTree = "<group>"; };
		7756E3C6BC6D8445B5FC08E2 /* Pods_Revamp.framework */ = {isa = PBXFileReference; explicitFileType = wrapper.framework; includeInIndex = 0; path = Pods_Revamp.framework; sourceTree = BUILT_PRODUCTS_DIR; };
		A86131F74DFEB4AAF1C2044E /* Pods-Revamp.debug.xcconfig */ = {isa = PBXFileReference; includeInIndex = 1; lastKnownFileType = text.xcconfig; name = "Pods-Revamp.debug.xcconfig"; path = "Target Support Files/Pods-Revamp/Pods-Revamp.debug.xcconfig"; sourceTree = "<group>"; };
		AEAE91FE69825E16704B4D46 /* Pods_Revamp_RevampUITests.framework */ = {isa = PBXFileReference; explicitFileType = wrapper.framework; includeInIndex = 0; path = Pods_Revamp_RevampUITests.framework; sourceTree = BUILT_PRODUCTS_DIR; };
		BC1EBA1372D30BE2A84D0836 /* Pods-Revamp-RevampUITests.release.xcconfig */ = {isa = PBXFileReference; includeInIndex = 1; lastKnownFileType = text.xcconfig; name = "Pods-Revamp-RevampUITests.release.xcconfig"; path = "Target Support Files/Pods-Revamp-RevampUITests/Pods-Revamp-RevampUITests.release.xcconfig"; sourceTree = "<group>"; };
		F198542781A1CA526384124E /* Pods-RevampTests.debug.xcconfig */ = {isa = PBXFileReference; includeInIndex = 1; lastKnownFileType = text.xcconfig; name = "Pods-RevampTests.debug.xcconfig"; path = "Target Support Files/Pods-RevampTests/Pods-RevampTests.debug.xcconfig"; sourceTree = "<group>"; };
		FE9363E8BDE8AC074DCF6DDE /* Pods-Revamp-RevampUITests.debug.xcconfig */ = {isa = PBXFileReference; includeInIndex = 1; lastKnownFileType = text.xcconfig; name = "Pods-Revamp-RevampUITests.debug.xcconfig"; path = "Target Support Files/Pods-Revamp-RevampUITests/Pods-Revamp-RevampUITests.debug.xcconfig"; sourceTree = "<group>"; };
/* End PBXFileReference section */

/* Begin PBXFrameworksBuildPhase section */
		01B38B89242CFB3D00180242 /* Frameworks */ = {
			isa = PBXFrameworksBuildPhase;
			buildActionMask = 2147483647;
			files = (
				012953F32452196C0067082D /* opencv2.framework in Frameworks */,
				988C639182DFF21A34B708BD /* Pods_Revamp.framework in Frameworks */,
			);
			runOnlyForDeploymentPostprocessing = 0;
		};
		01B38BA2242CFB3E00180242 /* Frameworks */ = {
			isa = PBXFrameworksBuildPhase;
			buildActionMask = 2147483647;
			files = (
				3CA359CAC90626D28A11C2C1 /* Pods_RevampTests.framework in Frameworks */,
			);
			runOnlyForDeploymentPostprocessing = 0;
		};
		01B38BAD242CFB3E00180242 /* Frameworks */ = {
			isa = PBXFrameworksBuildPhase;
			buildActionMask = 2147483647;
			files = (
				0BB249FEB40F86ACE9C40F39 /* Pods_Revamp_RevampUITests.framework in Frameworks */,
			);
			runOnlyForDeploymentPostprocessing = 0;
		};
/* End PBXFrameworksBuildPhase section */

/* Begin PBXGroup section */
		012953F1245219270067082D /* Frameworks */ = {
			isa = PBXGroup;
			children = (
				012B17A62458C51F007CB124 /* SwiftImage */,
				012953F22452196C0067082D /* opencv2.framework */,
			);
			name = Frameworks;
			sourceTree = "<group>";
		};
		012B17A62458C51F007CB124 /* SwiftImage */ = {
			isa = PBXGroup;
			children = (
				012B17A72458C51F007CB124 /* SwiftImage.h */,
				012B17A82458C51F007CB124 /* ImageSlice.swift */,
				012B17A92458C51F007CB124 /* ColorLiteral.swift */,
				012B17AA2458C51F007CB124 /* ImageOperators.swift.gyb */,
				012B17AB2458C51F007CB124 /* AnyImage.swift */,
				012B17AC2458C51F007CB124 /* RGBA.swift */,
				012B17AD2458C51F007CB124 /* RGB.swift */,
				012B17AE2458C51F007CB124 /* ImageProtocol.swift */,
				012B17AF2458C51F007CB124 /* NumericPixel.swift */,
				012B17B02458C51F007CB124 /* RGBAOperators.swift */,
				012B17B12458C51F007CB124 /* Image.swift */,
				012B17B22458C51F007CB124 /* ImageOperators.swift */,
				012B17B32458C51F007CB124 /* ExtrapolatedImage.swift */,
				012B17B42458C51F007CB124 /* ImageFormat.swift */,
				012B17B52458C51F007CB124 /* HigherOrderFunctions.swift */,
				012B17B62458C51F007CB124 /* TypicalChannel.swift */,
				012B17B72458C51F007CB124 /* AppKit.swift */,
				012B17B82458C51F007CB124 /* CoreGraphics.swift */,
				012B17B92458C51F007CB124 /* RGBAOperators.swift.gyb */,
				012B17BA2458C51F007CB124 /* Convolution.swift */,
				012B17BB2458C51F007CB124 /* Resizing.swift */,
				012B17BC2458C51F007CB124 /* Util.swift */,
				012B17BD2458C51F007CB124 /* Extrapolation.swift */,
				012B17BE2458C51F007CB124 /* ImageIterator.swift */,
				012B17BF2458C51F007CB124 /* UIKit.swift */,
				012B17C02458C51F007CB124 /* Interpolation.swift */,
				012B17C12458C51F007CB124 /* Rotation.swift */,
				012B17C22458C51F007CB124 /* NumericPixel.swift.gyb */,
				012B17C32458C51F007CB124 /* Convolution.swift.gyb */,
				012B17C42458C51F007CB124 /* PremultipliedRGBA.swift */,
			);
			path = SwiftImage;
			sourceTree = "<group>";
		};
		01B38B83242CFB3D00180242 = {
			isa = PBXGroup;
			children = (
				01B38B8E242CFB3D00180242 /* Revamp */,
				01B38BA8242CFB3E00180242 /* RevampTests */,
				01B38BB3242CFB3E00180242 /* RevampUITests */,
				01B38B8D242CFB3D00180242 /* Products */,
				812D1FF4B18B8B394EA36A74 /* Pods */,
				A75FE3BC8AD9F45EC97A482E /* Frameworks */,
			);
			sourceTree = "<group>";
		};
		01B38B8D242CFB3D00180242 /* Products */ = {
			isa = PBXGroup;
			children = (
				01B38B8C242CFB3D00180242 /* Revamp.app */,
				01B38BA5242CFB3E00180242 /* RevampTests.xctest */,
				01B38BB0242CFB3E00180242 /* RevampUITests.xctest */,
			);
			name = Products;
			sourceTree = "<group>";
		};
		01B38B8E242CFB3D00180242 /* Revamp */ = {
			isa = PBXGroup;
			children = (
				01B38BC6242CFCA200180242 /* Storyboards */,
				01B38B9B242CFB3E00180242 /* Assets.xcassets */,
				01B38BC5242CFC8D00180242 /* View */,
				01B38BC4242CFC8400180242 /* Controllers */,
				01B38BC3242CFC7D00180242 /* Model */,
				012953F1245219270067082D /* Frameworks */,
				01B38BC2242CFC6F00180242 /* Supporting Files */,
				012953FA24523A4D0067082D /* README.md */,
			);
			path = Revamp;
			sourceTree = "<group>";
		};
		01B38BA8242CFB3E00180242 /* RevampTests */ = {
			isa = PBXGroup;
			children = (
				01B38BA9242CFB3E00180242 /* RevampTests.swift */,
				01B38BAB242CFB3E00180242 /* Info.plist */,
			);
			path = RevampTests;
			sourceTree = "<group>";
		};
		01B38BB3242CFB3E00180242 /* RevampUITests */ = {
			isa = PBXGroup;
			children = (
				01B38BB4242CFB3E00180242 /* RevampUITests.swift */,
				01B38BB6242CFB3E00180242 /* Info.plist */,
			);
			path = RevampUITests;
			sourceTree = "<group>";
		};
		01B38BC2242CFC6F00180242 /* Supporting Files */ = {
			isa = PBXGroup;
			children = (
				01B38B8F242CFB3D00180242 /* AppDelegate.swift */,
				01B38B91242CFB3D00180242 /* SceneDelegate.swift */,
				01B38BA0242CFB3E00180242 /* Info.plist */,
				01B38B98242CFB3D00180242 /* Revamp.xcdatamodeld */,
			);
			name = "Supporting Files";
			sourceTree = "<group>";
		};
		01B38BC3242CFC7D00180242 /* Model */ = {
			isa = PBXGroup;
			children = (
				012953F5245219E90067082D /* OpenCVWrapper.h */,
				012953F6245219E90067082D /* OpenCVWrapper.mm */,
				012953F4245219E80067082D /* Revamp-Bridging-Header.h */,
				01130E6B245488EC00C2ACCC /* HistoryImage.swift */,
			);
			name = Model;
			sourceTree = "<group>";
		};
		01B38BC4242CFC8400180242 /* Controllers */ = {
			isa = PBXGroup;
			children = (
				01B38B93242CFB3D00180242 /* MainVC.swift */,
			);
			name = Controllers;
			sourceTree = "<group>";
		};
		01B38BC5242CFC8D00180242 /* View */ = {
			isa = PBXGroup;
			children = (
				012953F824522FDE0067082D /* ImageScrollView.swift */,
				0178DCD024537A220084984D /* UIImage+Extension.swift */,
				0178DCD2245388540084984D /* UIColor+Extension.swift */,
				01130E63245471D800C2ACCC /* UIViewController+Extension.swift */,
				01130E652454743700C2ACCC /* AdjustmentCell.swift */,
				01130E692454847400C2ACCC /* HistoryCell.swift */,
				01130E6D2454B27400C2ACCC /* ImagePicker.swift */,
				012B17E42458CBFB007CB124 /* ThresholdView.swift */,
				018B5237245B67900078EFE4 /* ContrastView.swift */,
				018B5239245B7E6C0078EFE4 /* BlurView.swift */,
			);
			name = View;
			sourceTree = "<group>";
		};
		01B38BC6242CFCA200180242 /* Storyboards */ = {
			isa = PBXGroup;
			children = (
				01B38B9D242CFB3E00180242 /* LaunchScreen.storyboard */,
				01B38B95242CFB3D00180242 /* Main.storyboard */,
			);
			name = Storyboards;
			sourceTree = "<group>";
		};
		812D1FF4B18B8B394EA36A74 /* Pods */ = {
			isa = PBXGroup;
			children = (
				A86131F74DFEB4AAF1C2044E /* Pods-Revamp.debug.xcconfig */,
				40C92042FAFC388C20CE1159 /* Pods-Revamp.release.xcconfig */,
				FE9363E8BDE8AC074DCF6DDE /* Pods-Revamp-RevampUITests.debug.xcconfig */,
				BC1EBA1372D30BE2A84D0836 /* Pods-Revamp-RevampUITests.release.xcconfig */,
				F198542781A1CA526384124E /* Pods-RevampTests.debug.xcconfig */,
				6C8F2AA2B6B0972FC5A2DD2A /* Pods-RevampTests.release.xcconfig */,
			);
			path = Pods;
			sourceTree = "<group>";
		};
		A75FE3BC8AD9F45EC97A482E /* Frameworks */ = {
			isa = PBXGroup;
			children = (
				7756E3C6BC6D8445B5FC08E2 /* Pods_Revamp.framework */,
				AEAE91FE69825E16704B4D46 /* Pods_Revamp_RevampUITests.framework */,
				1F8F844F8B4F11C3E86F3B67 /* Pods_RevampTests.framework */,
			);
			name = Frameworks;
			sourceTree = "<group>";
		};
/* End PBXGroup section */

/* Begin PBXNativeTarget section */
		01B38B8B242CFB3D00180242 /* Revamp */ = {
			isa = PBXNativeTarget;
			buildConfigurationList = 01B38BB9242CFB3E00180242 /* Build configuration list for PBXNativeTarget "Revamp" */;
			buildPhases = (
				0812427202BA1BE52B754D7E /* [CP] Check Pods Manifest.lock */,
				01B38B88242CFB3D00180242 /* Sources */,
				01B38B89242CFB3D00180242 /* Frameworks */,
				01B38B8A242CFB3D00180242 /* Resources */,
				13AED710B71DB5CD94129576 /* [CP] Embed Pods Frameworks */,
			);
			buildRules = (
			);
			dependencies = (
			);
			name = Revamp;
			packageProductDependencies = (
			);
			productName = Revamp;
			productReference = 01B38B8C242CFB3D00180242 /* Revamp.app */;
			productType = "com.apple.product-type.application";
		};
		01B38BA4242CFB3E00180242 /* RevampTests */ = {
			isa = PBXNativeTarget;
			buildConfigurationList = 01B38BBC242CFB3E00180242 /* Build configuration list for PBXNativeTarget "RevampTests" */;
			buildPhases = (
				B33BBA29E9C52775CA35907B /* [CP] Check Pods Manifest.lock */,
				01B38BA1242CFB3E00180242 /* Sources */,
				01B38BA2242CFB3E00180242 /* Frameworks */,
				01B38BA3242CFB3E00180242 /* Resources */,
			);
			buildRules = (
			);
			dependencies = (
				01B38BA7242CFB3E00180242 /* PBXTargetDependency */,
			);
			name = RevampTests;
			productName = RevampTests;
			productReference = 01B38BA5242CFB3E00180242 /* RevampTests.xctest */;
			productType = "com.apple.product-type.bundle.unit-test";
		};
		01B38BAF242CFB3E00180242 /* RevampUITests */ = {
			isa = PBXNativeTarget;
			buildConfigurationList = 01B38BBF242CFB3E00180242 /* Build configuration list for PBXNativeTarget "RevampUITests" */;
			buildPhases = (
				C96256D608EC367812C0CD67 /* [CP] Check Pods Manifest.lock */,
				01B38BAC242CFB3E00180242 /* Sources */,
				01B38BAD242CFB3E00180242 /* Frameworks */,
				01B38BAE242CFB3E00180242 /* Resources */,
				4875192ECA5457F6983A966B /* [CP] Embed Pods Frameworks */,
			);
			buildRules = (
			);
			dependencies = (
				01B38BB2242CFB3E00180242 /* PBXTargetDependency */,
			);
			name = RevampUITests;
			productName = RevampUITests;
			productReference = 01B38BB0242CFB3E00180242 /* RevampUITests.xctest */;
			productType = "com.apple.product-type.bundle.ui-testing";
		};
/* End PBXNativeTarget section */

/* Begin PBXProject section */
		01B38B84242CFB3D00180242 /* Project object */ = {
			isa = PBXProject;
			attributes = {
				LastSwiftUpdateCheck = 1140;
				LastUpgradeCheck = 1140;
				ORGANIZATIONNAME = "Andrii Halabuda";
				TargetAttributes = {
					01B38B8B242CFB3D00180242 = {
						CreatedOnToolsVersion = 11.4;
						LastSwiftMigration = 1140;
					};
					01B38BA4242CFB3E00180242 = {
						CreatedOnToolsVersion = 11.4;
						TestTargetID = 01B38B8B242CFB3D00180242;
					};
					01B38BAF242CFB3E00180242 = {
						CreatedOnToolsVersion = 11.4;
						TestTargetID = 01B38B8B242CFB3D00180242;
					};
				};
			};
			buildConfigurationList = 01B38B87242CFB3D00180242 /* Build configuration list for PBXProject "Revamp" */;
			compatibilityVersion = "Xcode 9.3";
			developmentRegion = en;
			hasScannedForEncodings = 0;
			knownRegions = (
				en,
				Base,
			);
			mainGroup = 01B38B83242CFB3D00180242;
			packageReferences = (
			);
			productRefGroup = 01B38B8D242CFB3D00180242 /* Products */;
			projectDirPath = "";
			projectRoot = "";
			targets = (
				01B38B8B242CFB3D00180242 /* Revamp */,
				01B38BA4242CFB3E00180242 /* RevampTests */,
				01B38BAF242CFB3E00180242 /* RevampUITests */,
			);
		};
/* End PBXProject section */

/* Begin PBXResourcesBuildPhase section */
		01B38B8A242CFB3D00180242 /* Resources */ = {
			isa = PBXResourcesBuildPhase;
			buildActionMask = 2147483647;
			files = (
				012B17E12458C51F007CB124 /* Convolution.swift.gyb in Resources */,
				01B38B9F242CFB3E00180242 /* LaunchScreen.storyboard in Resources */,
				012B17D72458C51F007CB124 /* RGBAOperators.swift.gyb in Resources */,
				01B38B9C242CFB3E00180242 /* Assets.xcassets in Resources */,
				012B17E02458C51F007CB124 /* NumericPixel.swift.gyb in Resources */,
				012953FB24523A4D0067082D /* README.md in Resources */,
				012B17C82458C51F007CB124 /* ImageOperators.swift.gyb in Resources */,
				01B38B97242CFB3D00180242 /* Main.storyboard in Resources */,
			);
			runOnlyForDeploymentPostprocessing = 0;
		};
		01B38BA3242CFB3E00180242 /* Resources */ = {
			isa = PBXResourcesBuildPhase;
			buildActionMask = 2147483647;
			files = (
			);
			runOnlyForDeploymentPostprocessing = 0;
		};
		01B38BAE242CFB3E00180242 /* Resources */ = {
			isa = PBXResourcesBuildPhase;
			buildActionMask = 2147483647;
			files = (
			);
			runOnlyForDeploymentPostprocessing = 0;
		};
/* End PBXResourcesBuildPhase section */

/* Begin PBXShellScriptBuildPhase section */
		0812427202BA1BE52B754D7E /* [CP] Check Pods Manifest.lock */ = {
			isa = PBXShellScriptBuildPhase;
			buildActionMask = 2147483647;
			files = (
			);
			inputFileListPaths = (
			);
			inputPaths = (
				"${PODS_PODFILE_DIR_PATH}/Podfile.lock",
				"${PODS_ROOT}/Manifest.lock",
			);
			name = "[CP] Check Pods Manifest.lock";
			outputFileListPaths = (
			);
			outputPaths = (
				"$(DERIVED_FILE_DIR)/Pods-Revamp-checkManifestLockResult.txt",
			);
			runOnlyForDeploymentPostprocessing = 0;
			shellPath = /bin/sh;
			shellScript = "diff \"${PODS_PODFILE_DIR_PATH}/Podfile.lock\" \"${PODS_ROOT}/Manifest.lock\" > /dev/null\nif [ $? != 0 ] ; then\n    # print error to STDERR\n    echo \"error: The sandbox is not in sync with the Podfile.lock. Run 'pod install' or update your CocoaPods installation.\" >&2\n    exit 1\nfi\n# This output is used by Xcode 'outputs' to avoid re-running this script phase.\necho \"SUCCESS\" > \"${SCRIPT_OUTPUT_FILE_0}\"\n";
			showEnvVarsInLog = 0;
		};
		13AED710B71DB5CD94129576 /* [CP] Embed Pods Frameworks */ = {
			isa = PBXShellScriptBuildPhase;
			buildActionMask = 2147483647;
			files = (
			);
			inputFileListPaths = (
				"${PODS_ROOT}/Target Support Files/Pods-Revamp/Pods-Revamp-frameworks-${CONFIGURATION}-input-files.xcfilelist",
			);
			name = "[CP] Embed Pods Frameworks";
			outputFileListPaths = (
				"${PODS_ROOT}/Target Support Files/Pods-Revamp/Pods-Revamp-frameworks-${CONFIGURATION}-output-files.xcfilelist",
			);
			runOnlyForDeploymentPostprocessing = 0;
			shellPath = /bin/sh;
			shellScript = "\"${PODS_ROOT}/Target Support Files/Pods-Revamp/Pods-Revamp-frameworks.sh\"\n";
			showEnvVarsInLog = 0;
		};
		4875192ECA5457F6983A966B /* [CP] Embed Pods Frameworks */ = {
			isa = PBXShellScriptBuildPhase;
			buildActionMask = 2147483647;
			files = (
			);
			inputFileListPaths = (
				"${PODS_ROOT}/Target Support Files/Pods-Revamp-RevampUITests/Pods-Revamp-RevampUITests-frameworks-${CONFIGURATION}-input-files.xcfilelist",
			);
			name = "[CP] Embed Pods Frameworks";
			outputFileListPaths = (
				"${PODS_ROOT}/Target Support Files/Pods-Revamp-RevampUITests/Pods-Revamp-RevampUITests-frameworks-${CONFIGURATION}-output-files.xcfilelist",
			);
			runOnlyForDeploymentPostprocessing = 0;
			shellPath = /bin/sh;
			shellScript = "\"${PODS_ROOT}/Target Support Files/Pods-Revamp-RevampUITests/Pods-Revamp-RevampUITests-frameworks.sh\"\n";
			showEnvVarsInLog = 0;
		};
		B33BBA29E9C52775CA35907B /* [CP] Check Pods Manifest.lock */ = {
			isa = PBXShellScriptBuildPhase;
			buildActionMask = 2147483647;
			files = (
			);
			inputFileListPaths = (
			);
			inputPaths = (
				"${PODS_PODFILE_DIR_PATH}/Podfile.lock",
				"${PODS_ROOT}/Manifest.lock",
			);
			name = "[CP] Check Pods Manifest.lock";
			outputFileListPaths = (
			);
			outputPaths = (
				"$(DERIVED_FILE_DIR)/Pods-RevampTests-checkManifestLockResult.txt",
			);
			runOnlyForDeploymentPostprocessing = 0;
			shellPath = /bin/sh;
			shellScript = "diff \"${PODS_PODFILE_DIR_PATH}/Podfile.lock\" \"${PODS_ROOT}/Manifest.lock\" > /dev/null\nif [ $? != 0 ] ; then\n    # print error to STDERR\n    echo \"error: The sandbox is not in sync with the Podfile.lock. Run 'pod install' or update your CocoaPods installation.\" >&2\n    exit 1\nfi\n# This output is used by Xcode 'outputs' to avoid re-running this script phase.\necho \"SUCCESS\" > \"${SCRIPT_OUTPUT_FILE_0}\"\n";
			showEnvVarsInLog = 0;
		};
		C96256D608EC367812C0CD67 /* [CP] Check Pods Manifest.lock */ = {
			isa = PBXShellScriptBuildPhase;
			buildActionMask = 2147483647;
			files = (
			);
			inputFileListPaths = (
			);
			inputPaths = (
				"${PODS_PODFILE_DIR_PATH}/Podfile.lock",
				"${PODS_ROOT}/Manifest.lock",
			);
			name = "[CP] Check Pods Manifest.lock";
			outputFileListPaths = (
			);
			outputPaths = (
				"$(DERIVED_FILE_DIR)/Pods-Revamp-RevampUITests-checkManifestLockResult.txt",
			);
			runOnlyForDeploymentPostprocessing = 0;
			shellPath = /bin/sh;
			shellScript = "diff \"${PODS_PODFILE_DIR_PATH}/Podfile.lock\" \"${PODS_ROOT}/Manifest.lock\" > /dev/null\nif [ $? != 0 ] ; then\n    # print error to STDERR\n    echo \"error: The sandbox is not in sync with the Podfile.lock. Run 'pod install' or update your CocoaPods installation.\" >&2\n    exit 1\nfi\n# This output is used by Xcode 'outputs' to avoid re-running this script phase.\necho \"SUCCESS\" > \"${SCRIPT_OUTPUT_FILE_0}\"\n";
			showEnvVarsInLog = 0;
		};
/* End PBXShellScriptBuildPhase section */

/* Begin PBXSourcesBuildPhase section */
		01B38B88242CFB3D00180242 /* Sources */ = {
			isa = PBXSourcesBuildPhase;
			buildActionMask = 2147483647;
			files = (
				012B17C62458C51F007CB124 /* ImageSlice.swift in Sources */,
				01130E64245471D800C2ACCC /* UIViewController+Extension.swift in Sources */,
				012B17D42458C51F007CB124 /* TypicalChannel.swift in Sources */,
				012B17CF2458C51F007CB124 /* Image.swift in Sources */,
				012B17DD2458C51F007CB124 /* UIKit.swift in Sources */,
				01B38B94242CFB3D00180242 /* MainVC.swift in Sources */,
				012B17E52458CBFB007CB124 /* ThresholdView.swift in Sources */,
				01130E6E2454B27400C2ACCC /* ImagePicker.swift in Sources */,
				012B17D12458C51F007CB124 /* ExtrapolatedImage.swift in Sources */,
				012B17DE2458C51F007CB124 /* Interpolation.swift in Sources */,
				012B17D32458C51F007CB124 /* HigherOrderFunctions.swift in Sources */,
				018B523A245B7E6C0078EFE4 /* BlurView.swift in Sources */,
				0178DCD124537A220084984D /* UIImage+Extension.swift in Sources */,
				012B17CD2458C51F007CB124 /* NumericPixel.swift in Sources */,
				012B17D22458C51F007CB124 /* ImageFormat.swift in Sources */,
				012B17CA2458C51F007CB124 /* RGBA.swift in Sources */,
				012953F7245219E90067082D /* OpenCVWrapper.mm in Sources */,
				012B17D82458C51F007CB124 /* Convolution.swift in Sources */,
				012B17D02458C51F007CB124 /* ImageOperators.swift in Sources */,
				01B38B90242CFB3D00180242 /* AppDelegate.swift in Sources */,
				01130E6A2454847400C2ACCC /* HistoryCell.swift in Sources */,
				012953F924522FDE0067082D /* ImageScrollView.swift in Sources */,
				012B17C72458C51F007CB124 /* ColorLiteral.swift in Sources */,
				012B17CC2458C51F007CB124 /* ImageProtocol.swift in Sources */,
				012B17E22458C51F007CB124 /* PremultipliedRGBA.swift in Sources */,
				012B17D92458C51F007CB124 /* Resizing.swift in Sources */,
				012B17CE2458C51F007CB124 /* RGBAOperators.swift in Sources */,
				012B17DA2458C51F007CB124 /* Util.swift in Sources */,
				012B17DC2458C51F007CB124 /* ImageIterator.swift in Sources */,
				01B38B9A242CFB3D00180242 /* Revamp.xcdatamodeld in Sources */,
				012B17CB2458C51F007CB124 /* RGB.swift in Sources */,
				012B17DB2458C51F007CB124 /* Extrapolation.swift in Sources */,
				01130E6C245488EC00C2ACCC /* HistoryImage.swift in Sources */,
				01B38B92242CFB3D00180242 /* SceneDelegate.swift in Sources */,
				012B17D62458C51F007CB124 /* CoreGraphics.swift in Sources */,
				012B17DF2458C51F007CB124 /* Rotation.swift in Sources */,
				012B17C92458C51F007CB124 /* AnyImage.swift in Sources */,
				01130E662454743700C2ACCC /* AdjustmentCell.swift in Sources */,
				012B17D52458C51F007CB124 /* AppKit.swift in Sources */,
				018B5238245B67900078EFE4 /* ContrastView.swift in Sources */,
				0178DCD3245388540084984D /* UIColor+Extension.swift in Sources */,
			);
			runOnlyForDeploymentPostprocessing = 0;
		};
		01B38BA1242CFB3E00180242 /* Sources */ = {
			isa = PBXSourcesBuildPhase;
			buildActionMask = 2147483647;
			files = (
				01B38BAA242CFB3E00180242 /* RevampTests.swift in Sources */,
			);
			runOnlyForDeploymentPostprocessing = 0;
		};
		01B38BAC242CFB3E00180242 /* Sources */ = {
			isa = PBXSourcesBuildPhase;
			buildActionMask = 2147483647;
			files = (
				01B38BB5242CFB3E00180242 /* RevampUITests.swift in Sources */,
			);
			runOnlyForDeploymentPostprocessing = 0;
		};
/* End PBXSourcesBuildPhase section */

/* Begin PBXTargetDependency section */
		01B38BA7242CFB3E00180242 /* PBXTargetDependency */ = {
			isa = PBXTargetDependency;
			target = 01B38B8B242CFB3D00180242 /* Revamp */;
			targetProxy = 01B38BA6242CFB3E00180242 /* PBXContainerItemProxy */;
		};
		01B38BB2242CFB3E00180242 /* PBXTargetDependency */ = {
			isa = PBXTargetDependency;
			target = 01B38B8B242CFB3D00180242 /* Revamp */;
			targetProxy = 01B38BB1242CFB3E00180242 /* PBXContainerItemProxy */;
		};
/* End PBXTargetDependency section */

/* Begin PBXVariantGroup section */
		01B38B95242CFB3D00180242 /* Main.storyboard */ = {
			isa = PBXVariantGroup;
			children = (
				01B38B96242CFB3D00180242 /* Base */,
			);
			name = Main.storyboard;
			sourceTree = "<group>";
		};
		01B38B9D242CFB3E00180242 /* LaunchScreen.storyboard */ = {
			isa = PBXVariantGroup;
			children = (
				01B38B9E242CFB3E00180242 /* Base */,
			);
			name = LaunchScreen.storyboard;
			sourceTree = "<group>";
		};
/* End PBXVariantGroup section */

/* Begin XCBuildConfiguration section */
		01B38BB7242CFB3E00180242 /* Debug */ = {
			isa = XCBuildConfiguration;
			buildSettings = {
				ALWAYS_SEARCH_USER_PATHS = NO;
				CLANG_ANALYZER_NONNULL = YES;
				CLANG_ANALYZER_NUMBER_OBJECT_CONVERSION = YES_AGGRESSIVE;
				CLANG_CXX_LANGUAGE_STANDARD = "gnu++14";
				CLANG_CXX_LIBRARY = "libc++";
				CLANG_ENABLE_MODULES = YES;
				CLANG_ENABLE_OBJC_ARC = YES;
				CLANG_ENABLE_OBJC_WEAK = YES;
				CLANG_WARN_BLOCK_CAPTURE_AUTORELEASING = YES;
				CLANG_WARN_BOOL_CONVERSION = YES;
				CLANG_WARN_COMMA = YES;
				CLANG_WARN_CONSTANT_CONVERSION = YES;
				CLANG_WARN_DEPRECATED_OBJC_IMPLEMENTATIONS = YES;
				CLANG_WARN_DIRECT_OBJC_ISA_USAGE = YES_ERROR;
				CLANG_WARN_DOCUMENTATION_COMMENTS = YES;
				CLANG_WARN_EMPTY_BODY = YES;
				CLANG_WARN_ENUM_CONVERSION = YES;
				CLANG_WARN_INFINITE_RECURSION = YES;
				CLANG_WARN_INT_CONVERSION = YES;
				CLANG_WARN_NON_LITERAL_NULL_CONVERSION = YES;
				CLANG_WARN_OBJC_IMPLICIT_RETAIN_SELF = YES;
				CLANG_WARN_OBJC_LITERAL_CONVERSION = YES;
				CLANG_WARN_OBJC_ROOT_CLASS = YES_ERROR;
				CLANG_WARN_RANGE_LOOP_ANALYSIS = YES;
				CLANG_WARN_STRICT_PROTOTYPES = YES;
				CLANG_WARN_SUSPICIOUS_MOVE = YES;
				CLANG_WARN_UNGUARDED_AVAILABILITY = YES_AGGRESSIVE;
				CLANG_WARN_UNREACHABLE_CODE = YES;
				CLANG_WARN__DUPLICATE_METHOD_MATCH = YES;
				COPY_PHASE_STRIP = NO;
				DEBUG_INFORMATION_FORMAT = dwarf;
				ENABLE_STRICT_OBJC_MSGSEND = YES;
				ENABLE_TESTABILITY = YES;
				GCC_C_LANGUAGE_STANDARD = gnu11;
				GCC_DYNAMIC_NO_PIC = NO;
				GCC_NO_COMMON_BLOCKS = YES;
				GCC_OPTIMIZATION_LEVEL = 0;
				GCC_PREPROCESSOR_DEFINITIONS = (
					"DEBUG=1",
					"$(inherited)",
				);
				GCC_WARN_64_TO_32_BIT_CONVERSION = YES;
				GCC_WARN_ABOUT_RETURN_TYPE = YES_ERROR;
				GCC_WARN_UNDECLARED_SELECTOR = YES;
				GCC_WARN_UNINITIALIZED_AUTOS = YES_AGGRESSIVE;
				GCC_WARN_UNUSED_FUNCTION = YES;
				GCC_WARN_UNUSED_VARIABLE = YES;
				IPHONEOS_DEPLOYMENT_TARGET = 13.4;
				MTL_ENABLE_DEBUG_INFO = INCLUDE_SOURCE;
				MTL_FAST_MATH = YES;
				ONLY_ACTIVE_ARCH = YES;
				SDKROOT = iphoneos;
				SWIFT_ACTIVE_COMPILATION_CONDITIONS = DEBUG;
				SWIFT_OPTIMIZATION_LEVEL = "-Onone";
			};
			name = Debug;
		};
		01B38BB8242CFB3E00180242 /* Release */ = {
			isa = XCBuildConfiguration;
			buildSettings = {
				ALWAYS_SEARCH_USER_PATHS = NO;
				CLANG_ANALYZER_NONNULL = YES;
				CLANG_ANALYZER_NUMBER_OBJECT_CONVERSION = YES_AGGRESSIVE;
				CLANG_CXX_LANGUAGE_STANDARD = "gnu++14";
				CLANG_CXX_LIBRARY = "libc++";
				CLANG_ENABLE_MODULES = YES;
				CLANG_ENABLE_OBJC_ARC = YES;
				CLANG_ENABLE_OBJC_WEAK = YES;
				CLANG_WARN_BLOCK_CAPTURE_AUTORELEASING = YES;
				CLANG_WARN_BOOL_CONVERSION = YES;
				CLANG_WARN_COMMA = YES;
				CLANG_WARN_CONSTANT_CONVERSION = YES;
				CLANG_WARN_DEPRECATED_OBJC_IMPLEMENTATIONS = YES;
				CLANG_WARN_DIRECT_OBJC_ISA_USAGE = YES_ERROR;
				CLANG_WARN_DOCUMENTATION_COMMENTS = YES;
				CLANG_WARN_EMPTY_BODY = YES;
				CLANG_WARN_ENUM_CONVERSION = YES;
				CLANG_WARN_INFINITE_RECURSION = YES;
				CLANG_WARN_INT_CONVERSION = YES;
				CLANG_WARN_NON_LITERAL_NULL_CONVERSION = YES;
				CLANG_WARN_OBJC_IMPLICIT_RETAIN_SELF = YES;
				CLANG_WARN_OBJC_LITERAL_CONVERSION = YES;
				CLANG_WARN_OBJC_ROOT_CLASS = YES_ERROR;
				CLANG_WARN_RANGE_LOOP_ANALYSIS = YES;
				CLANG_WARN_STRICT_PROTOTYPES = YES;
				CLANG_WARN_SUSPICIOUS_MOVE = YES;
				CLANG_WARN_UNGUARDED_AVAILABILITY = YES_AGGRESSIVE;
				CLANG_WARN_UNREACHABLE_CODE = YES;
				CLANG_WARN__DUPLICATE_METHOD_MATCH = YES;
				COPY_PHASE_STRIP = NO;
				DEBUG_INFORMATION_FORMAT = "dwarf-with-dsym";
				ENABLE_NS_ASSERTIONS = NO;
				ENABLE_STRICT_OBJC_MSGSEND = YES;
				GCC_C_LANGUAGE_STANDARD = gnu11;
				GCC_NO_COMMON_BLOCKS = YES;
				GCC_WARN_64_TO_32_BIT_CONVERSION = YES;
				GCC_WARN_ABOUT_RETURN_TYPE = YES_ERROR;
				GCC_WARN_UNDECLARED_SELECTOR = YES;
				GCC_WARN_UNINITIALIZED_AUTOS = YES_AGGRESSIVE;
				GCC_WARN_UNUSED_FUNCTION = YES;
				GCC_WARN_UNUSED_VARIABLE = YES;
				IPHONEOS_DEPLOYMENT_TARGET = 13.4;
				MTL_ENABLE_DEBUG_INFO = NO;
				MTL_FAST_MATH = YES;
				SDKROOT = iphoneos;
				SWIFT_COMPILATION_MODE = wholemodule;
				SWIFT_OPTIMIZATION_LEVEL = "-O";
				VALIDATE_PRODUCT = YES;
			};
			name = Release;
		};
		01B38BBA242CFB3E00180242 /* Debug */ = {
			isa = XCBuildConfiguration;
			baseConfigurationReference = A86131F74DFEB4AAF1C2044E /* Pods-Revamp.debug.xcconfig */;
			buildSettings = {
				ASSETCATALOG_COMPILER_APPICON_NAME = AppIcon;
				CLANG_ENABLE_MODULES = YES;
				CODE_SIGN_STYLE = Automatic;
				CURRENT_PROJECT_VERSION = 29;
				DEVELOPMENT_TEAM = PTRW36GG78;
				FRAMEWORK_SEARCH_PATHS = (
					"$(inherited)",
					"$(PROJECT_DIR)/Revamp",
				);
				INFOPLIST_FILE = Revamp/Info.plist;
				IPHONEOS_DEPLOYMENT_TARGET = 13.0;
				LD_RUNPATH_SEARCH_PATHS = (
					"$(inherited)",
					"@executable_path/Frameworks",
				);
				PRODUCT_BUNDLE_IDENTIFIER = com.Andrew11US.Revamp;
				PRODUCT_NAME = "$(TARGET_NAME)";
				SWIFT_OBJC_BRIDGING_HEADER = "Revamp/Revamp-Bridging-Header.h";
				SWIFT_OPTIMIZATION_LEVEL = "-Onone";
				SWIFT_VERSION = 5.0;
				TARGETED_DEVICE_FAMILY = "1,2";
			};
			name = Debug;
		};
		01B38BBB242CFB3E00180242 /* Release */ = {
			isa = XCBuildConfiguration;
			baseConfigurationReference = 40C92042FAFC388C20CE1159 /* Pods-Revamp.release.xcconfig */;
			buildSettings = {
				ASSETCATALOG_COMPILER_APPICON_NAME = AppIcon;
				CLANG_ENABLE_MODULES = YES;
				CODE_SIGN_STYLE = Automatic;
				CURRENT_PROJECT_VERSION = 29;
				DEVELOPMENT_TEAM = PTRW36GG78;
				FRAMEWORK_SEARCH_PATHS = (
					"$(inherited)",
					"$(PROJECT_DIR)/Revamp",
				);
				INFOPLIST_FILE = Revamp/Info.plist;
				IPHONEOS_DEPLOYMENT_TARGET = 13.0;
				LD_RUNPATH_SEARCH_PATHS = (
					"$(inherited)",
					"@executable_path/Frameworks",
				);
				PRODUCT_BUNDLE_IDENTIFIER = com.Andrew11US.Revamp;
				PRODUCT_NAME = "$(TARGET_NAME)";
				SWIFT_OBJC_BRIDGING_HEADER = "Revamp/Revamp-Bridging-Header.h";
				SWIFT_VERSION = 5.0;
				TARGETED_DEVICE_FAMILY = "1,2";
			};
			name = Release;
		};
		01B38BBD242CFB3E00180242 /* Debug */ = {
			isa = XCBuildConfiguration;
			baseConfigurationReference = F198542781A1CA526384124E /* Pods-RevampTests.debug.xcconfig */;
			buildSettings = {
				ALWAYS_EMBED_SWIFT_STANDARD_LIBRARIES = YES;
				BUNDLE_LOADER = "$(TEST_HOST)";
				CODE_SIGN_STYLE = Automatic;
				DEVELOPMENT_TEAM = PTRW36GG78;
				INFOPLIST_FILE = RevampTests/Info.plist;
				IPHONEOS_DEPLOYMENT_TARGET = 13.4;
				LD_RUNPATH_SEARCH_PATHS = (
					"$(inherited)",
					"@executable_path/Frameworks",
					"@loader_path/Frameworks",
				);
				PRODUCT_BUNDLE_IDENTIFIER = com.Andrew11US.RevampTests;
				PRODUCT_NAME = "$(TARGET_NAME)";
				SWIFT_VERSION = 5.0;
				TARGETED_DEVICE_FAMILY = "1,2";
				TEST_HOST = "$(BUILT_PRODUCTS_DIR)/Revamp.app/Revamp";
			};
			name = Debug;
		};
		01B38BBE242CFB3E00180242 /* Release */ = {
			isa = XCBuildConfiguration;
			baseConfigurationReference = 6C8F2AA2B6B0972FC5A2DD2A /* Pods-RevampTests.release.xcconfig */;
			buildSettings = {
				ALWAYS_EMBED_SWIFT_STANDARD_LIBRARIES = YES;
				BUNDLE_LOADER = "$(TEST_HOST)";
				CODE_SIGN_STYLE = Automatic;
				DEVELOPMENT_TEAM = PTRW36GG78;
				INFOPLIST_FILE = RevampTests/Info.plist;
				IPHONEOS_DEPLOYMENT_TARGET = 13.4;
				LD_RUNPATH_SEARCH_PATHS = (
					"$(inherited)",
					"@executable_path/Frameworks",
					"@loader_path/Frameworks",
				);
				PRODUCT_BUNDLE_IDENTIFIER = com.Andrew11US.RevampTests;
				PRODUCT_NAME = "$(TARGET_NAME)";
				SWIFT_VERSION = 5.0;
				TARGETED_DEVICE_FAMILY = "1,2";
				TEST_HOST = "$(BUILT_PRODUCTS_DIR)/Revamp.app/Revamp";
			};
			name = Release;
		};
		01B38BC0242CFB3E00180242 /* Debug */ = {
			isa = XCBuildConfiguration;
			baseConfigurationReference = FE9363E8BDE8AC074DCF6DDE /* Pods-Revamp-RevampUITests.debug.xcconfig */;
			buildSettings = {
				ALWAYS_EMBED_SWIFT_STANDARD_LIBRARIES = YES;
				CODE_SIGN_STYLE = Automatic;
				DEVELOPMENT_TEAM = PTRW36GG78;
				INFOPLIST_FILE = RevampUITests/Info.plist;
				LD_RUNPATH_SEARCH_PATHS = (
					"$(inherited)",
					"@executable_path/Frameworks",
					"@loader_path/Frameworks",
				);
				PRODUCT_BUNDLE_IDENTIFIER = com.Andrew11US.RevampUITests;
				PRODUCT_NAME = "$(TARGET_NAME)";
				SWIFT_VERSION = 5.0;
				TARGETED_DEVICE_FAMILY = "1,2";
				TEST_TARGET_NAME = Revamp;
			};
			name = Debug;
		};
		01B38BC1242CFB3E00180242 /* Release */ = {
			isa = XCBuildConfiguration;
			baseConfigurationReference = BC1EBA1372D30BE2A84D0836 /* Pods-Revamp-RevampUITests.release.xcconfig */;
			buildSettings = {
				ALWAYS_EMBED_SWIFT_STANDARD_LIBRARIES = YES;
				CODE_SIGN_STYLE = Automatic;
				DEVELOPMENT_TEAM = PTRW36GG78;
				INFOPLIST_FILE = RevampUITests/Info.plist;
				LD_RUNPATH_SEARCH_PATHS = (
					"$(inherited)",
					"@executable_path/Frameworks",
					"@loader_path/Frameworks",
				);
				PRODUCT_BUNDLE_IDENTIFIER = com.Andrew11US.RevampUITests;
				PRODUCT_NAME = "$(TARGET_NAME)";
				SWIFT_VERSION = 5.0;
				TARGETED_DEVICE_FAMILY = "1,2";
				TEST_TARGET_NAME = Revamp;
			};
			name = Release;
		};
/* End XCBuildConfiguration section */

/* Begin XCConfigurationList section */
		01B38B87242CFB3D00180242 /* Build configuration list for PBXProject "Revamp" */ = {
			isa = XCConfigurationList;
			buildConfigurations = (
				01B38BB7242CFB3E00180242 /* Debug */,
				01B38BB8242CFB3E00180242 /* Release */,
			);
			defaultConfigurationIsVisible = 0;
			defaultConfigurationName = Release;
		};
		01B38BB9242CFB3E00180242 /* Build configuration list for PBXNativeTarget "Revamp" */ = {
			isa = XCConfigurationList;
			buildConfigurations = (
				01B38BBA242CFB3E00180242 /* Debug */,
				01B38BBB242CFB3E00180242 /* Release */,
			);
			defaultConfigurationIsVisible = 0;
			defaultConfigurationName = Release;
		};
		01B38BBC242CFB3E00180242 /* Build configuration list for PBXNativeTarget "RevampTests" */ = {
			isa = XCConfigurationList;
			buildConfigurations = (
				01B38BBD242CFB3E00180242 /* Debug */,
				01B38BBE242CFB3E00180242 /* Release */,
			);
			defaultConfigurationIsVisible = 0;
			defaultConfigurationName = Release;
		};
		01B38BBF242CFB3E00180242 /* Build configuration list for PBXNativeTarget "RevampUITests" */ = {
			isa = XCConfigurationList;
			buildConfigurations = (
				01B38BC0242CFB3E00180242 /* Debug */,
				01B38BC1242CFB3E00180242 /* Release */,
			);
			defaultConfigurationIsVisible = 0;
			defaultConfigurationName = Release;
		};
/* End XCConfigurationList section */

/* Begin XCVersionGroup section */
		01B38B98242CFB3D00180242 /* Revamp.xcdatamodeld */ = {
			isa = XCVersionGroup;
			children = (
				01B38B99242CFB3D00180242 /* Revamp.xcdatamodel */,
			);
			currentVersion = 01B38B99242CFB3D00180242 /* Revamp.xcdatamodel */;
			path = Revamp.xcdatamodeld;
			sourceTree = "<group>";
			versionGroupType = wrapper.xcdatamodel;
		};
/* End XCVersionGroup section */
	};
	rootObject = 01B38B84242CFB3D00180242 /* Project object */;
}
